
Microsoft Visual Studio Solution File, Format Version 12.00
# Visual Studio Version 16
VisualStudioVersion = 16.0.29613.14
MinimumVisualStudioVersion = 10.0.40219.1
Project("{FAE04EC0-301F-11D3-BF4B-00C04F79EFBC}") = "Library", "Library\Library.csproj", "{6F6D0F69-5BE5-46B3-8E0A-1354E03494D1}"
EndProject
Project("{FAE04EC0-301F-11D3-BF4B-00C04F79EFBC}") = "webPolideportivoMDA", "webPolideportivoMDA\webPolideportivoMDA.csproj", "{14E7914B-333A-40AD-86AE-C41DBF0A3401}"
EndProject
Global
	GlobalSection(SolutionConfigurationPlatforms) = preSolution
		Debug|Any CPU = Debug|Any CPU
		Release|Any CPU = Release|Any CPU
	EndGlobalSection
	GlobalSection(ProjectConfigurationPlatforms) = postSolution
		{6F6D0F69-5BE5-46B3-8E0A-1354E03494D1}.Debug|Any CPU.ActiveCfg = Debug|Any CPU
		{6F6D0F69-5BE5-46B3-8E0A-1354E03494D1}.Debug|Any CPU.Build.0 = Debug|Any CPU
		{6F6D0F69-5BE5-46B3-8E0A-1354E03494D1}.Release|Any CPU.ActiveCfg = Release|Any CPU
		{6F6D0F69-5BE5-46B3-8E0A-1354E03494D1}.Release|Any CPU.Build.0 = Release|Any CPU
		{14E7914B-333A-40AD-86AE-C41DBF0A3401}.Debug|Any CPU.ActiveCfg = Debug|Any CPU
		{14E7914B-333A-40AD-86AE-C41DBF0A3401}.Debug|Any CPU.Build.0 = Debug|Any CPU
		{14E7914B-333A-40AD-86AE-C41DBF0A3401}.Release|Any CPU.ActiveCfg = Release|Any CPU
		{14E7914B-333A-40AD-86AE-C41DBF0A3401}.Release|Any CPU.Build.0 = Release|Any CPU
	EndGlobalSection
	GlobalSection(SolutionProperties) = preSolution
		HideSolutionNode = FALSE
	EndGlobalSection
	GlobalSection(ExtensibilityGlobals) = postSolution
		SolutionGuid = {4C899E57-DE61-4DB6-83C4-0D36DE721367}
	EndGlobalSection
EndGlobal
